
Microsoft Visual Studio Solution File, Format Version 12.00
# Visual Studio Version 17
VisualStudioVersion = 17.0.31903.59
MinimumVisualStudioVersion = 10.0.40219.1
Project("{2150E333-8FDC-42A3-9474-1A3956D46DE8}") = "src", "src", "{827E0CD3-B72D-47B6-A68D-7590B98EB39B}"
EndProject
Project("{9A19103F-16F7-4668-BE54-9A1E7A4F7556}") = "AuctionService", "src\AuctionService\AuctionService.csproj", "{5B7C5658-98D7-461A-8E0B-0F1499957ACC}"
EndProject
Project("{9A19103F-16F7-4668-BE54-9A1E7A4F7556}") = "SearchService", "src\SearchService\SearchService.csproj", "{FFBAE7B7-9200-482A-AB91-F24A163AF145}"
EndProject
Project("{FAE04EC0-301F-11D3-BF4B-00C04F79EFBC}") = "Contracts", "src\Contracts\Contracts.csproj", "{27E7A5AD-B5FB-4273-9440-CD500F3B9691}"
EndProject
Project("{FAE04EC0-301F-11D3-BF4B-00C04F79EFBC}") = "IdentityService", "src\IdentityService\IdentityService.csproj", "{D120B17B-4DD7-4638-BE9E-1914CAD12FA9}"
EndProject
Global
	GlobalSection(SolutionConfigurationPlatforms) = preSolution
		Debug|Any CPU = Debug|Any CPU
		Debug|x64 = Debug|x64
		Debug|x86 = Debug|x86
		Release|Any CPU = Release|Any CPU
		Release|x64 = Release|x64
		Release|x86 = Release|x86
	EndGlobalSection
	GlobalSection(ProjectConfigurationPlatforms) = postSolution
		{5B7C5658-98D7-461A-8E0B-0F1499957ACC}.Debug|Any CPU.ActiveCfg = Debug|Any CPU
		{5B7C5658-98D7-461A-8E0B-0F1499957ACC}.Debug|Any CPU.Build.0 = Debug|Any CPU
		{5B7C5658-98D7-461A-8E0B-0F1499957ACC}.Debug|x64.ActiveCfg = Debug|Any CPU
		{5B7C5658-98D7-461A-8E0B-0F1499957ACC}.Debug|x64.Build.0 = Debug|Any CPU
		{5B7C5658-98D7-461A-8E0B-0F1499957ACC}.Debug|x86.ActiveCfg = Debug|Any CPU
		{5B7C5658-98D7-461A-8E0B-0F1499957ACC}.Debug|x86.Build.0 = Debug|Any CPU
		{5B7C5658-98D7-461A-8E0B-0F1499957ACC}.Release|Any CPU.ActiveCfg = Release|Any CPU
		{5B7C5658-98D7-461A-8E0B-0F1499957ACC}.Release|Any CPU.Build.0 = Release|Any CPU
		{5B7C5658-98D7-461A-8E0B-0F1499957ACC}.Release|x64.ActiveCfg = Release|Any CPU
		{5B7C5658-98D7-461A-8E0B-0F1499957ACC}.Release|x64.Build.0 = Release|Any CPU
		{5B7C5658-98D7-461A-8E0B-0F1499957ACC}.Release|x86.ActiveCfg = Release|Any CPU
		{5B7C5658-98D7-461A-8E0B-0F1499957ACC}.Release|x86.Build.0 = Release|Any CPU
		{FFBAE7B7-9200-482A-AB91-F24A163AF145}.Debug|Any CPU.ActiveCfg = Debug|Any CPU
		{FFBAE7B7-9200-482A-AB91-F24A163AF145}.Debug|Any CPU.Build.0 = Debug|Any CPU
		{FFBAE7B7-9200-482A-AB91-F24A163AF145}.Debug|x64.ActiveCfg = Debug|Any CPU
		{FFBAE7B7-9200-482A-AB91-F24A163AF145}.Debug|x64.Build.0 = Debug|Any CPU
		{FFBAE7B7-9200-482A-AB91-F24A163AF145}.Debug|x86.ActiveCfg = Debug|Any CPU
		{FFBAE7B7-9200-482A-AB91-F24A163AF145}.Debug|x86.Build.0 = Debug|Any CPU
		{FFBAE7B7-9200-482A-AB91-F24A163AF145}.Release|Any CPU.ActiveCfg = Release|Any CPU
		{FFBAE7B7-9200-482A-AB91-F24A163AF145}.Release|Any CPU.Build.0 = Release|Any CPU
		{FFBAE7B7-9200-482A-AB91-F24A163AF145}.Release|x64.ActiveCfg = Release|Any CPU
		{FFBAE7B7-9200-482A-AB91-F24A163AF145}.Release|x64.Build.0 = Release|Any CPU
		{FFBAE7B7-9200-482A-AB91-F24A163AF145}.Release|x86.ActiveCfg = Release|Any CPU
		{FFBAE7B7-9200-482A-AB91-F24A163AF145}.Release|x86.Build.0 = Release|Any CPU
		{27E7A5AD-B5FB-4273-9440-CD500F3B9691}.Debug|Any CPU.ActiveCfg = Debug|Any CPU
		{27E7A5AD-B5FB-4273-9440-CD500F3B9691}.Debug|Any CPU.Build.0 = Debug|Any CPU
		{27E7A5AD-B5FB-4273-9440-CD500F3B9691}.Debug|x64.ActiveCfg = Debug|Any CPU
		{27E7A5AD-B5FB-4273-9440-CD500F3B9691}.Debug|x64.Build.0 = Debug|Any CPU
		{27E7A5AD-B5FB-4273-9440-CD500F3B9691}.Debug|x86.ActiveCfg = Debug|Any CPU
		{27E7A5AD-B5FB-4273-9440-CD500F3B9691}.Debug|x86.Build.0 = Debug|Any CPU
		{27E7A5AD-B5FB-4273-9440-CD500F3B9691}.Release|Any CPU.ActiveCfg = Release|Any CPU
		{27E7A5AD-B5FB-4273-9440-CD500F3B9691}.Release|Any CPU.Build.0 = Release|Any CPU
		{27E7A5AD-B5FB-4273-9440-CD500F3B9691}.Release|x64.ActiveCfg = Release|Any CPU
		{27E7A5AD-B5FB-4273-9440-CD500F3B9691}.Release|x64.Build.0 = Release|Any CPU
		{27E7A5AD-B5FB-4273-9440-CD500F3B9691}.Release|x86.ActiveCfg = Release|Any CPU
		{27E7A5AD-B5FB-4273-9440-CD500F3B9691}.Release|x86.Build.0 = Release|Any CPU
		{D120B17B-4DD7-4638-BE9E-1914CAD12FA9}.Debug|Any CPU.ActiveCfg = Debug|Any CPU
		{D120B17B-4DD7-4638-BE9E-1914CAD12FA9}.Debug|Any CPU.Build.0 = Debug|Any CPU
		{D120B17B-4DD7-4638-BE9E-1914CAD12FA9}.Debug|x64.ActiveCfg = Debug|Any CPU
		{D120B17B-4DD7-4638-BE9E-1914CAD12FA9}.Debug|x64.Build.0 = Debug|Any CPU
		{D120B17B-4DD7-4638-BE9E-1914CAD12FA9}.Debug|x86.ActiveCfg = Debug|Any CPU
		{D120B17B-4DD7-4638-BE9E-1914CAD12FA9}.Debug|x86.Build.0 = Debug|Any CPU
		{D120B17B-4DD7-4638-BE9E-1914CAD12FA9}.Release|Any CPU.ActiveCfg = Release|Any CPU
		{D120B17B-4DD7-4638-BE9E-1914CAD12FA9}.Release|Any CPU.Build.0 = Release|Any CPU
		{D120B17B-4DD7-4638-BE9E-1914CAD12FA9}.Release|x64.ActiveCfg = Release|Any CPU
		{D120B17B-4DD7-4638-BE9E-1914CAD12FA9}.Release|x64.Build.0 = Release|Any CPU
		{D120B17B-4DD7-4638-BE9E-1914CAD12FA9}.Release|x86.ActiveCfg = Release|Any CPU
		{D120B17B-4DD7-4638-BE9E-1914CAD12FA9}.Release|x86.Build.0 = Release|Any CPU
	EndGlobalSection
	GlobalSection(SolutionProperties) = preSolution
		HideSolutionNode = FALSE
	EndGlobalSection
	GlobalSection(NestedProjects) = preSolution
		{5B7C5658-98D7-461A-8E0B-0F1499957ACC} = {827E0CD3-B72D-47B6-A68D-7590B98EB39B}
		{FFBAE7B7-9200-482A-AB91-F24A163AF145} = {827E0CD3-B72D-47B6-A68D-7590B98EB39B}
		{27E7A5AD-B5FB-4273-9440-CD500F3B9691} = {827E0CD3-B72D-47B6-A68D-7590B98EB39B}
		{D120B17B-4DD7-4638-BE9E-1914CAD12FA9} = {827E0CD3-B72D-47B6-A68D-7590B98EB39B}
	EndGlobalSection
EndGlobal
